
Microsoft Visual Studio Solution File, Format Version 12.00
# Visual Studio 15
VisualStudioVersion = 15.0.28307.852
MinimumVisualStudioVersion = 10.0.40219.1
Project("{FAE04EC0-301F-11D3-BF4B-00C04F79EFBC}") = "EconomySim", "EconomySim\EconomySim.csproj", "{0AF795D6-768F-4E1E-957D-79F7F1F09747}"
EndProject
Project("{FAE04EC0-301F-11D3-BF4B-00C04F79EFBC}") = "EconomySimConsole", "EconomySimConsole\EconomySimConsole.csproj", "{1ACC0F5F-98D6-4361-AF88-521A6CDEE859}"
EndProject
Project("{FAE04EC0-301F-11D3-BF4B-00C04F79EFBC}") = "EconomySimLibrary", "EconomySimLibrary\EconomySimLibrary.csproj", "{152B40A5-FEAF-4773-B50B-B8B94DF01D4F}"
EndProject
Project("{FAE04EC0-301F-11D3-BF4B-00C04F79EFBC}") = "EconomySimTests", "EconomySimTests\EconomySimTests.csproj", "{BE92EAC0-1E6D-48B5-8F75-610C21AC0B68}"
EndProject
Project("{FAE04EC0-301F-11D3-BF4B-00C04F79EFBC}") = "EconomyBuilderWPF", "EconomyBuilderWPF\EconomyBuilderWPF.csproj", "{17CCD776-374A-4C52-8DC3-A06C20E5753C}"
EndProject
Project("{FAE04EC0-301F-11D3-BF4B-00C04F79EFBC}") = "EconomySimDataAccess", "EconomySimDataAccess\EconomySimDataAccess.csproj", "{AF8067D6-6D3E-4014-8E42-4D0588F279EB}"
EndProject
Global
	GlobalSection(SolutionConfigurationPlatforms) = preSolution
		Debug|Any CPU = Debug|Any CPU
		Debug|x86 = Debug|x86
		Release|Any CPU = Release|Any CPU
		Release|x86 = Release|x86
	EndGlobalSection
	GlobalSection(ProjectConfigurationPlatforms) = postSolution
		{0AF795D6-768F-4E1E-957D-79F7F1F09747}.Debug|Any CPU.ActiveCfg = Debug|x86
		{0AF795D6-768F-4E1E-957D-79F7F1F09747}.Debug|x86.ActiveCfg = Debug|x86
		{0AF795D6-768F-4E1E-957D-79F7F1F09747}.Debug|x86.Build.0 = Debug|x86
		{0AF795D6-768F-4E1E-957D-79F7F1F09747}.Release|Any CPU.ActiveCfg = Release|x86
		{0AF795D6-768F-4E1E-957D-79F7F1F09747}.Release|x86.ActiveCfg = Release|x86
		{0AF795D6-768F-4E1E-957D-79F7F1F09747}.Release|x86.Build.0 = Release|x86
		{1ACC0F5F-98D6-4361-AF88-521A6CDEE859}.Debug|Any CPU.ActiveCfg = Debug|Any CPU
		{1ACC0F5F-98D6-4361-AF88-521A6CDEE859}.Debug|Any CPU.Build.0 = Debug|Any CPU
		{1ACC0F5F-98D6-4361-AF88-521A6CDEE859}.Debug|x86.ActiveCfg = Debug|Any CPU
		{1ACC0F5F-98D6-4361-AF88-521A6CDEE859}.Debug|x86.Build.0 = Debug|Any CPU
		{1ACC0F5F-98D6-4361-AF88-521A6CDEE859}.Release|Any CPU.ActiveCfg = Release|Any CPU
		{1ACC0F5F-98D6-4361-AF88-521A6CDEE859}.Release|Any CPU.Build.0 = Release|Any CPU
		{1ACC0F5F-98D6-4361-AF88-521A6CDEE859}.Release|x86.ActiveCfg = Release|Any CPU
		{1ACC0F5F-98D6-4361-AF88-521A6CDEE859}.Release|x86.Build.0 = Release|Any CPU
		{152B40A5-FEAF-4773-B50B-B8B94DF01D4F}.Debug|Any CPU.ActiveCfg = Debug|Any CPU
		{152B40A5-FEAF-4773-B50B-B8B94DF01D4F}.Debug|Any CPU.Build.0 = Debug|Any CPU
		{152B40A5-FEAF-4773-B50B-B8B94DF01D4F}.Debug|x86.ActiveCfg = Debug|Any CPU
		{152B40A5-FEAF-4773-B50B-B8B94DF01D4F}.Debug|x86.Build.0 = Debug|Any CPU
		{152B40A5-FEAF-4773-B50B-B8B94DF01D4F}.Release|Any CPU.ActiveCfg = Release|Any CPU
		{152B40A5-FEAF-4773-B50B-B8B94DF01D4F}.Release|Any CPU.Build.0 = Release|Any CPU
		{152B40A5-FEAF-4773-B50B-B8B94DF01D4F}.Release|x86.ActiveCfg = Release|Any CPU
		{152B40A5-FEAF-4773-B50B-B8B94DF01D4F}.Release|x86.Build.0 = Release|Any CPU
		{BE92EAC0-1E6D-48B5-8F75-610C21AC0B68}.Debug|Any CPU.ActiveCfg = Debug|Any CPU
		{BE92EAC0-1E6D-48B5-8F75-610C21AC0B68}.Debug|Any CPU.Build.0 = Debug|Any CPU
		{BE92EAC0-1E6D-48B5-8F75-610C21AC0B68}.Debug|x86.ActiveCfg = Debug|Any CPU
		{BE92EAC0-1E6D-48B5-8F75-610C21AC0B68}.Debug|x86.Build.0 = Debug|Any CPU
		{BE92EAC0-1E6D-48B5-8F75-610C21AC0B68}.Release|Any CPU.ActiveCfg = Release|Any CPU
		{BE92EAC0-1E6D-48B5-8F75-610C21AC0B68}.Release|Any CPU.Build.0 = Release|Any CPU
		{BE92EAC0-1E6D-48B5-8F75-610C21AC0B68}.Release|x86.ActiveCfg = Release|Any CPU
		{BE92EAC0-1E6D-48B5-8F75-610C21AC0B68}.Release|x86.Build.0 = Release|Any CPU
		{17CCD776-374A-4C52-8DC3-A06C20E5753C}.Debug|Any CPU.ActiveCfg = Debug|Any CPU
		{17CCD776-374A-4C52-8DC3-A06C20E5753C}.Debug|Any CPU.Build.0 = Debug|Any CPU
		{17CCD776-374A-4C52-8DC3-A06C20E5753C}.Debug|x86.ActiveCfg = Debug|Any CPU
		{17CCD776-374A-4C52-8DC3-A06C20E5753C}.Debug|x86.Build.0 = Debug|Any CPU
		{17CCD776-374A-4C52-8DC3-A06C20E5753C}.Release|Any CPU.ActiveCfg = Release|Any CPU
		{17CCD776-374A-4C52-8DC3-A06C20E5753C}.Release|Any CPU.Build.0 = Release|Any CPU
		{17CCD776-374A-4C52-8DC3-A06C20E5753C}.Release|x86.ActiveCfg = Release|Any CPU
		{17CCD776-374A-4C52-8DC3-A06C20E5753C}.Release|x86.Build.0 = Release|Any CPU
		{AF8067D6-6D3E-4014-8E42-4D0588F279EB}.Debug|Any CPU.ActiveCfg = Debug|Any CPU
		{AF8067D6-6D3E-4014-8E42-4D0588F279EB}.Debug|Any CPU.Build.0 = Debug|Any CPU
		{AF8067D6-6D3E-4014-8E42-4D0588F279EB}.Debug|x86.ActiveCfg = Debug|Any CPU
		{AF8067D6-6D3E-4014-8E42-4D0588F279EB}.Debug|x86.Build.0 = Debug|Any CPU
		{AF8067D6-6D3E-4014-8E42-4D0588F279EB}.Release|Any CPU.ActiveCfg = Release|Any CPU
		{AF8067D6-6D3E-4014-8E42-4D0588F279EB}.Release|Any CPU.Build.0 = Release|Any CPU
		{AF8067D6-6D3E-4014-8E42-4D0588F279EB}.Release|x86.ActiveCfg = Release|Any CPU
		{AF8067D6-6D3E-4014-8E42-4D0588F279EB}.Release|x86.Build.0 = Release|Any CPU
	EndGlobalSection
	GlobalSection(SolutionProperties) = preSolution
		HideSolutionNode = FALSE
	EndGlobalSection
	GlobalSection(ExtensibilityGlobals) = postSolution
		SolutionGuid = {AEEF233A-D26F-4CA2-9F53-1F68E62E31C1}
	EndGlobalSection
EndGlobal
